version = 1
revision = 1
requires-python = ">=3.8"

[[package]]
name = "aider-install"
version = "0.1.3"
source = { registry = "https://pypi.org/simple" }
dependencies = [
    { name = "uv" },
]
sdist = { url = "https://files.pythonhosted.org/packages/05/a9/304a3997ba26c8acd2489d9bb362eff936e1ba3cfb153b715d012f61b36d/aider_install-0.1.3.tar.gz", hash = "sha256:7981fd8e2a1ef3acb0383c75d3846e8095fbfcccb623b5e0d1091c983269d694", size = 6275 }
wheels = [
    { url = "https://files.pythonhosted.org/packages/df/73/901686dacd5125715dff2ebae5e6539880589b37282fa760fefba437d1b3/aider_install-0.1.3-py3-none-any.whl", hash = "sha256:798ce100ed1032c7679d520392c0042e8254bd942a9020759a17683ee66192a5", size = 6820 },
]

[[package]]
name = "py-scripts"
version = "0.1.0"
source = { virtual = "." }
dependencies = [
    { name = "aider-install" },
    { name = "pywubi" },
]

[package.metadata]
requires-dist = [
    { name = "aider-install", specifier = ">=0.1.3" },
    { name = "pywubi", specifier = ">=0.0.2" },
]

[[package]]
name = "pywubi"
version = "0.0.2"
source = { registry = "https://pypi.org/simple" }
sdist = { url = "https://files.pythonhosted.org/packages/8c/49/742676d7452d354d0bab9818b80776399352a127d16d89440e1905082450/pywubi-0.0.2.tar.gz", hash = "sha256:66fffc0fdca0abe4a386ec734db65150a16525eb4ab46ffc83ea6da289e44009", size = 133394 }
wheels = [
    { url = "https://files.pythonhosted.org/packages/33/6e/cc5f1a5bc2fb504c9d121a13efcf41eb82fc553af33060a4908af82fcdb9/pywubi-0.0.2-py3-none-any.whl", hash = "sha256:5a541d8540cbd144cfc0162eae39a6362a6d377331ae0437ff57d1d8850ccaf1", size = 132371 },
]

[[package]]
name = "uv"
version = "0.6.9"
source = { registry = "https://pypi.org/simple" }
sdist = { url = "https://files.pythonhosted.org/packages/9f/c1/a60065b94012132ddc4259b1c66f074acdd369b920398e31e12a3d536672/uv-0.6.9.tar.gz", hash = "sha256:ab6b55d14450175e79a8a819fc2728bfb6adf289ce03ab312654091fa7f6101a", size = 3105137 }
wheels = [
    { url = "https://files.pythonhosted.org/packages/cd/2d/ce8bdeb7ef6fa2ed319ba8a0430b1a29abf731a266582df397e7df4dc8c3/uv-0.6.9-py3-none-linux_armv6l.whl", hash = "sha256:7932640314e4b3b7416a07ef553667e1f113d25a67690fa0e00f1be7f1c20385", size = 15821153 },
    { url = "https://files.pythonhosted.org/packages/cc/9e/6691e3a4c3fd759ec84f83d48cc00718cbb106d44e5f990cb986be1a4315/uv-0.6.9-py3-none-macosx_10_12_x86_64.whl", hash = "sha256:c742df7a174ce1e16192108a28658cd7292af63c34cb9a9d4b683d3678737fbb", size = 15909275 },
    { url = "https://files.pythonhosted.org/packages/9b/b5/e12a756e7f3d45011baaf871f54be86a8772319c328a5776127dee83cfaf/uv-0.6.9-py3-none-macosx_11_0_arm64.whl", hash = "sha256:8239c5e77dbce87211588f58f6d91ba30ceea03569baa2d3830860017e9dc13d", size = 14681194 },
    { url = "https://files.pythonhosted.org/packages/12/4d/206f57fcd5e6a48b43e4c7cec74f4aaa07fb01a47427d8b594361423fa2e/uv-0.6.9-py3-none-manylinux_2_17_aarch64.manylinux2014_aarch64.musllinux_1_1_aarch64.whl", hash = "sha256:4e1cf5e02e7b7ca7d3ae8681cdbca79fdb2bb1a005a2ecc0e3f4fcccc664403d", size = 15159160 },
    { url = "https://files.pythonhosted.org/packages/54/1f/7bd7b646e24487388e5fbd1894274c6c94d2a17e478f48960d2fa3663ebc/uv-0.6.9-py3-none-manylinux_2_17_armv7l.manylinux2014_armv7l.whl", hash = "sha256:e2351e8388fbe70c821aaa32da825a4ced91c42f4608a3833af606710e64a725", size = 15545806 },
    { url = "https://files.pythonhosted.org/packages/57/fe/143f66b08e95acfd4bc2b91b42665feeb04c242ae9998e0b328f548e5aec/uv-0.6.9-py3-none-manylinux_2_17_i686.manylinux2014_i686.whl", hash = "sha256:9285b2d6bee0cfd7baa70570478f3c60b33450fd50ccbe03343a7cc5d9880dd4", size = 16223578 },
    { url = "https://files.pythonhosted.org/packages/db/0a/53e8900d7a6dcc56a2f0ea534631c938b8dce8787b0e30094ec37ac1d1fd/uv-0.6.9-py3-none-manylinux_2_17_ppc64.manylinux2014_ppc64.whl", hash = "sha256:bd7534c0b78b3dcaf1ac394b181ee09040e95aeaa93f8c0701e495f98bbb7fe5", size = 17113603 },
    { url = "https://files.pythonhosted.org/packages/a4/5b/c29c244bdaacd52a625af4cdcf864ef3eef613b5b24a45f322888cd2e38f/uv-0.6.9-py3-none-manylinux_2_17_ppc64le.manylinux2014_ppc64le.whl", hash = "sha256:04cd4a9567bcf3b5ed7746aa59077e261eb0a61fe8bc46b05416ee33ea132a77", size = 16841499 },
    { url = "https://files.pythonhosted.org/packages/2b/83/6aad72ba535dfea21df39cdbadfcbc0a8ed18fe9e2eb5f4213dfc78d6d7a/uv-0.6.9-py3-none-manylinux_2_17_s390x.manylinux2014_s390x.whl", hash = "sha256:b40a75f854736d103207aa706569a561c4018eaeebf4474debb2f102d5c9097c", size = 20974369 },
    { url = "https://files.pythonhosted.org/packages/07/14/a32e6228535e6e84dc2dfe4409f19db6155f68e1e439a4e1f9b468c01ea2/uv-0.6.9-py3-none-manylinux_2_17_x86_64.manylinux2014_x86_64.whl", hash = "sha256:8e2db4fd0dc8aff8e7db1861022578f04c0b685d6cd9b81a0b1f7c2bcfa9947b", size = 16547994 },
    { url = "https://files.pythonhosted.org/packages/89/59/8c4dbfdd58e729e24132d9098adb9189cb53802c9f13a9d9f0f51d24c025/uv-0.6.9-py3-none-manylinux_2_28_aarch64.whl", hash = "sha256:e9973a4e86249c10a39c80bd8ca284b103a0408b639e31ef764e5eb670c30382", size = 15436250 },
    { url = "https://files.pythonhosted.org/packages/14/8f/3a63d5b00f132b71439d35f65da4cb11982dfaf40040f5f80a002eb9e842/uv-0.6.9-py3-none-musllinux_1_1_armv7l.whl", hash = "sha256:8112cac95281e3319a5b1320175e0a3c7d1d5be1f147a50e1f40d0bd3563c7f5", size = 15531999 },
    { url = "https://files.pythonhosted.org/packages/03/d7/0aa21108b001e253cd5ae30f4b4bce4a0a864e9624e23ec15b1af77cfb18/uv-0.6.9-py3-none-musllinux_1_1_i686.whl", hash = "sha256:915766098127cd47aa682907b3dbe3c5206de6655d014f05415b061c40270e37", size = 15785353 },
    { url = "https://files.pythonhosted.org/packages/e1/ee/82d02417a52b3a0faebd97fa01adbfe8d366021d6099827bfdbed83dcdea/uv-0.6.9-py3-none-musllinux_1_1_x86_64.whl", hash = "sha256:ccc990a05ca500d98a67fe70b48f342f7e5b2f4cc32433f39f7aa34117e20dc3", size = 16684473 },
    { url = "https://files.pythonhosted.org/packages/6f/2e/7f29d10b036ac383f5a3a6c2cc1508fcf2542113616de59fc2d82105cb20/uv-0.6.9-py3-none-win32.whl", hash = "sha256:c7bcd1312d066e4c8f85b450fc9879971733ef363ae9159bc24e832ad5e4a803", size = 15917694 },
    { url = "https://files.pythonhosted.org/packages/72/18/84ff5e0e940d18d7367fdd57bdba83ea131f1c3771f256faca1099e93690/uv-0.6.9-py3-none-win_amd64.whl", hash = "sha256:5d4e1b62c86c9e0d16973df3db1ce0d448ca69708bbecf0e79b629debb540a07", size = 17361024 },
    { url = "https://files.pythonhosted.org/packages/62/a5/2ceaa73eb299eefbcbf98323a4dba5eebf67510c722726acd6a284c2a4c9/uv-0.6.9-py3-none-win_arm64.whl", hash = "sha256:ffe6f6c8df7814b82cf9f6cc2cca0057e9bb3398b0538ecad3bf97664b1ffa99", size = 16101567 },
]
